
Microsoft Visual Studio Solution File, Format Version 12.00
# Visual Studio Version 16
VisualStudioVersion = 16.0.31605.320
MinimumVisualStudioVersion = 10.0.40219.1
Project("{9A19103F-16F7-4668-BE54-9A1E7A4F7556}") = "TeamsChannel.CoreComponents", "TeamsChannel.CoreComponents\TeamsChannel.CoreComponents.csproj", "{93833504-E639-4FB8-98D9-4EE52F178A29}"
EndProject
Project("{9A19103F-16F7-4668-BE54-9A1E7A4F7556}") = "TeamsChannelTester", "TeamsChannelTester\TeamsChannelTester.csproj", "{8E49726F-E7B4-4777-9218-DB390E757268}"
EndProject
Global
	GlobalSection(SolutionConfigurationPlatforms) = preSolution
		Debug|Any CPU = Debug|Any CPU
		Debug|x64 = Debug|x64
		Release|Any CPU = Release|Any CPU
		Release|x64 = Release|x64
	EndGlobalSection
	GlobalSection(ProjectConfigurationPlatforms) = postSolution
		{93833504-E639-4FB8-98D9-4EE52F178A29}.Debug|Any CPU.ActiveCfg = Debug|x64
		{93833504-E639-4FB8-98D9-4EE52F178A29}.Debug|x64.ActiveCfg = Debug|x64
		{93833504-E639-4FB8-98D9-4EE52F178A29}.Debug|x64.Build.0 = Debug|x64
		{93833504-E639-4FB8-98D9-4EE52F178A29}.Release|Any CPU.ActiveCfg = Release|x64
		{93833504-E639-4FB8-98D9-4EE52F178A29}.Release|x64.ActiveCfg = Release|x64
		{93833504-E639-4FB8-98D9-4EE52F178A29}.Release|x64.Build.0 = Release|x64
		{8E49726F-E7B4-4777-9218-DB390E757268}.Debug|Any CPU.ActiveCfg = Debug|Any CPU
		{8E49726F-E7B4-4777-9218-DB390E757268}.Debug|Any CPU.Build.0 = Debug|Any CPU
		{8E49726F-E7B4-4777-9218-DB390E757268}.Debug|x64.ActiveCfg = Debug|x64
		{8E49726F-E7B4-4777-9218-DB390E757268}.Debug|x64.Build.0 = Debug|x64
		{8E49726F-E7B4-4777-9218-DB390E757268}.Release|Any CPU.ActiveCfg = Release|Any CPU
		{8E49726F-E7B4-4777-9218-DB390E757268}.Release|Any CPU.Build.0 = Release|Any CPU
		{8E49726F-E7B4-4777-9218-DB390E757268}.Release|x64.ActiveCfg = Release|x64
		{8E49726F-E7B4-4777-9218-DB390E757268}.Release|x64.Build.0 = Release|x64
	EndGlobalSection
	GlobalSection(SolutionProperties) = preSolution
		HideSolutionNode = FALSE
	EndGlobalSection
	GlobalSection(ExtensibilityGlobals) = postSolution
		SolutionGuid = {F5400C18-39BC-4CCA-982C-599001A62355}
	EndGlobalSection
EndGlobal
